
Microsoft Visual Studio Solution File, Format Version 12.00
# Visual Studio Version 16
VisualStudioVersion = 16.0.28803.452
MinimumVisualStudioVersion = 10.0.40219.1
Project("{FAE04EC0-301F-11D3-BF4B-00C04F79EFBC}") = "SoundBoard.Android", "SoundBoard\SoundBoard.Android\SoundBoard.Android.csproj", "{6B1E2EA0-E75C-48A2-B068-319F9FBBFC91}"
EndProject
Project("{FAE04EC0-301F-11D3-BF4B-00C04F79EFBC}") = "SoundBoard.iOS", "SoundBoard\SoundBoard.iOS\SoundBoard.iOS.csproj", "{09E60CF6-82E2-444C-8D91-A00D968604D9}"
EndProject
Project("{FAE04EC0-301F-11D3-BF4B-00C04F79EFBC}") = "SoundBoard", "SoundBoard\SoundBoard\SoundBoard.csproj", "{4E63D0FC-6FD3-4149-9DE0-1CD76194D5C8}"
EndProject
Global
	GlobalSection(SolutionConfigurationPlatforms) = preSolution
		Debug|Any CPU = Debug|Any CPU
		Debug|iPhone = Debug|iPhone
		Debug|iPhoneSimulator = Debug|iPhoneSimulator
		Release|Any CPU = Release|Any CPU
		Release|iPhone = Release|iPhone
		Release|iPhoneSimulator = Release|iPhoneSimulator
	EndGlobalSection
	GlobalSection(ProjectConfigurationPlatforms) = postSolution
		{6B1E2EA0-E75C-48A2-B068-319F9FBBFC91}.Debug|Any CPU.ActiveCfg = Debug|Any CPU
		{6B1E2EA0-E75C-48A2-B068-319F9FBBFC91}.Debug|Any CPU.Build.0 = Debug|Any CPU
		{6B1E2EA0-E75C-48A2-B068-319F9FBBFC91}.Debug|Any CPU.Deploy.0 = Debug|Any CPU
		{6B1E2EA0-E75C-48A2-B068-319F9FBBFC91}.Debug|iPhone.ActiveCfg = Debug|Any CPU
		{6B1E2EA0-E75C-48A2-B068-319F9FBBFC91}.Debug|iPhone.Build.0 = Debug|Any CPU
		{6B1E2EA0-E75C-48A2-B068-319F9FBBFC91}.Debug|iPhone.Deploy.0 = Debug|Any CPU
		{6B1E2EA0-E75C-48A2-B068-319F9FBBFC91}.Debug|iPhoneSimulator.ActiveCfg = Debug|Any CPU
		{6B1E2EA0-E75C-48A2-B068-319F9FBBFC91}.Debug|iPhoneSimulator.Build.0 = Debug|Any CPU
		{6B1E2EA0-E75C-48A2-B068-319F9FBBFC91}.Debug|iPhoneSimulator.Deploy.0 = Debug|Any CPU
		{6B1E2EA0-E75C-48A2-B068-319F9FBBFC91}.Release|Any CPU.ActiveCfg = Release|Any CPU
		{6B1E2EA0-E75C-48A2-B068-319F9FBBFC91}.Release|Any CPU.Build.0 = Release|Any CPU
		{6B1E2EA0-E75C-48A2-B068-319F9FBBFC91}.Release|Any CPU.Deploy.0 = Release|Any CPU
		{6B1E2EA0-E75C-48A2-B068-319F9FBBFC91}.Release|iPhone.ActiveCfg = Release|Any CPU
		{6B1E2EA0-E75C-48A2-B068-319F9FBBFC91}.Release|iPhone.Build.0 = Release|Any CPU
		{6B1E2EA0-E75C-48A2-B068-319F9FBBFC91}.Release|iPhone.Deploy.0 = Release|Any CPU
		{6B1E2EA0-E75C-48A2-B068-319F9FBBFC91}.Release|iPhoneSimulator.ActiveCfg = Release|Any CPU
		{6B1E2EA0-E75C-48A2-B068-319F9FBBFC91}.Release|iPhoneSimulator.Build.0 = Release|Any CPU
		{6B1E2EA0-E75C-48A2-B068-319F9FBBFC91}.Release|iPhoneSimulator.Deploy.0 = Release|Any CPU
		{09E60CF6-82E2-444C-8D91-A00D968604D9}.Debug|Any CPU.ActiveCfg = Debug|iPhoneSimulator
		{09E60CF6-82E2-444C-8D91-A00D968604D9}.Debug|Any CPU.Build.0 = Debug|iPhoneSimulator
		{09E60CF6-82E2-444C-8D91-A00D968604D9}.Debug|Any CPU.Deploy.0 = Debug|iPhoneSimulator
		{09E60CF6-82E2-444C-8D91-A00D968604D9}.Debug|iPhone.ActiveCfg = Debug|iPhone
		{09E60CF6-82E2-444C-8D91-A00D968604D9}.Debug|iPhone.Build.0 = Debug|iPhone
		{09E60CF6-82E2-444C-8D91-A00D968604D9}.Debug|iPhone.Deploy.0 = Debug|iPhone
		{09E60CF6-82E2-444C-8D91-A00D968604D9}.Debug|iPhoneSimulator.ActiveCfg = Debug|iPhoneSimulator
		{09E60CF6-82E2-444C-8D91-A00D968604D9}.Debug|iPhoneSimulator.Build.0 = Debug|iPhoneSimulator
		{09E60CF6-82E2-444C-8D91-A00D968604D9}.Debug|iPhoneSimulator.Deploy.0 = Debug|iPhoneSimulator
		{09E60CF6-82E2-444C-8D91-A00D968604D9}.Release|Any CPU.ActiveCfg = Release|iPhone
		{09E60CF6-82E2-444C-8D91-A00D968604D9}.Release|Any CPU.Build.0 = Release|iPhone
		{09E60CF6-82E2-444C-8D91-A00D968604D9}.Release|Any CPU.Deploy.0 = Release|iPhone
		{09E60CF6-82E2-444C-8D91-A00D968604D9}.Release|iPhone.ActiveCfg = Release|iPhone
		{09E60CF6-82E2-444C-8D91-A00D968604D9}.Release|iPhone.Build.0 = Release|iPhone
		{09E60CF6-82E2-444C-8D91-A00D968604D9}.Release|iPhone.Deploy.0 = Release|iPhone
		{09E60CF6-82E2-444C-8D91-A00D968604D9}.Release|iPhoneSimulator.ActiveCfg = Release|iPhoneSimulator
		{09E60CF6-82E2-444C-8D91-A00D968604D9}.Release|iPhoneSimulator.Build.0 = Release|iPhoneSimulator
		{09E60CF6-82E2-444C-8D91-A00D968604D9}.Release|iPhoneSimulator.Deploy.0 = Release|iPhoneSimulator
		{4E63D0FC-6FD3-4149-9DE0-1CD76194D5C8}.Debug|Any CPU.ActiveCfg = Debug|Any CPU
		{4E63D0FC-6FD3-4149-9DE0-1CD76194D5C8}.Debug|Any CPU.Build.0 = Debug|Any CPU
		{4E63D0FC-6FD3-4149-9DE0-1CD76194D5C8}.Debug|Any CPU.Deploy.0 = Debug|Any CPU
		{4E63D0FC-6FD3-4149-9DE0-1CD76194D5C8}.Debug|iPhone.ActiveCfg = Debug|Any CPU
		{4E63D0FC-6FD3-4149-9DE0-1CD76194D5C8}.Debug|iPhone.Build.0 = Debug|Any CPU
		{4E63D0FC-6FD3-4149-9DE0-1CD76194D5C8}.Debug|iPhone.Deploy.0 = Debug|Any CPU
		{4E63D0FC-6FD3-4149-9DE0-1CD76194D5C8}.Debug|iPhoneSimulator.ActiveCfg = Debug|Any CPU
		{4E63D0FC-6FD3-4149-9DE0-1CD76194D5C8}.Debug|iPhoneSimulator.Build.0 = Debug|Any CPU
		{4E63D0FC-6FD3-4149-9DE0-1CD76194D5C8}.Debug|iPhoneSimulator.Deploy.0 = Debug|Any CPU
		{4E63D0FC-6FD3-4149-9DE0-1CD76194D5C8}.Release|Any CPU.ActiveCfg = Release|Any CPU
		{4E63D0FC-6FD3-4149-9DE0-1CD76194D5C8}.Release|Any CPU.Build.0 = Release|Any CPU
		{4E63D0FC-6FD3-4149-9DE0-1CD76194D5C8}.Release|Any CPU.Deploy.0 = Release|Any CPU
		{4E63D0FC-6FD3-4149-9DE0-1CD76194D5C8}.Release|iPhone.ActiveCfg = Release|Any CPU
		{4E63D0FC-6FD3-4149-9DE0-1CD76194D5C8}.Release|iPhone.Build.0 = Release|Any CPU
		{4E63D0FC-6FD3-4149-9DE0-1CD76194D5C8}.Release|iPhone.Deploy.0 = Release|Any CPU
		{4E63D0FC-6FD3-4149-9DE0-1CD76194D5C8}.Release|iPhoneSimulator.ActiveCfg = Release|Any CPU
		{4E63D0FC-6FD3-4149-9DE0-1CD76194D5C8}.Release|iPhoneSimulator.Build.0 = Release|Any CPU
		{4E63D0FC-6FD3-4149-9DE0-1CD76194D5C8}.Release|iPhoneSimulator.Deploy.0 = Release|Any CPU
	EndGlobalSection
	GlobalSection(SolutionProperties) = preSolution
		HideSolutionNode = FALSE
	EndGlobalSection
	GlobalSection(ExtensibilityGlobals) = postSolution
		SolutionGuid = {1892968F-9506-4E90-9A45-E4978DDC27C5}
	EndGlobalSection
EndGlobal
